// !$*UTF8*$!
{
	archiveVersion = 1;
	classes = {
	};
	objectVersion = 46;
	objects = {

/* Begin PBXBuildFile section */
		840582851DC0C7AB003B3E84 /* MessageCell.xib in Resources */ = {isa = PBXBuildFile; fileRef = 840582841DC0C7AB003B3E84 /* MessageCell.xib */; };
		840582871DC0C8A5003B3E84 /* MessageTableViewCell.swift in Sources */ = {isa = PBXBuildFile; fileRef = 840582861DC0C8A5003B3E84 /* MessageTableViewCell.swift */; };
		841356A81DC08750005C1565 /* Registration.storyboard in Resources */ = {isa = PBXBuildFile; fileRef = 841356A71DC08750005C1565 /* Registration.storyboard */; };
		841356AA1DC0875F005C1565 /* RegistrationViewController.swift in Sources */ = {isa = PBXBuildFile; fileRef = 841356A91DC0875F005C1565 /* RegistrationViewController.swift */; };
		841356AC1DC0878B005C1565 /* RegistrationInteractor.swift in Sources */ = {isa = PBXBuildFile; fileRef = 841356AB1DC0878B005C1565 /* RegistrationInteractor.swift */; };
		841356AE1DC087B0005C1565 /* RegistrationInteractorProtocol.swift in Sources */ = {isa = PBXBuildFile; fileRef = 841356AD1DC087B0005C1565 /* RegistrationInteractorProtocol.swift */; };
		841356B01DC087C3005C1565 /* RegistrationPresenter.swift in Sources */ = {isa = PBXBuildFile; fileRef = 841356AF1DC087C3005C1565 /* RegistrationPresenter.swift */; };
		841356B21DC087E4005C1565 /* RegistrationPresenterProtocol.swift in Sources */ = {isa = PBXBuildFile; fileRef = 841356B11DC087E4005C1565 /* RegistrationPresenterProtocol.swift */; };
		841356B41DC087F4005C1565 /* RegistrationWireframe.swift in Sources */ = {isa = PBXBuildFile; fileRef = 841356B31DC087F4005C1565 /* RegistrationWireframe.swift */; };
		841356B61DC08816005C1565 /* RegistrationWireframeProtocol.swift in Sources */ = {isa = PBXBuildFile; fileRef = 841356B51DC08816005C1565 /* RegistrationWireframeProtocol.swift */; };
		841D6B3E1DC292D3007A9B4A /* CreateRoomPresenter.swift in Sources */ = {isa = PBXBuildFile; fileRef = 841D6B3D1DC292D3007A9B4A /* CreateRoomPresenter.swift */; };
		841D6B401DC292EA007A9B4A /* CreateRoomPresenterProtocol.swift in Sources */ = {isa = PBXBuildFile; fileRef = 841D6B3F1DC292EA007A9B4A /* CreateRoomPresenterProtocol.swift */; };
		84431F331DBE0A0200FEA46E /* RootWireframe.swift in Sources */ = {isa = PBXBuildFile; fileRef = 84431F321DBE0A0200FEA46E /* RootWireframe.swift */; };
		84431F351DBE0A7F00FEA46E /* LoginWireframe.swift in Sources */ = {isa = PBXBuildFile; fileRef = 84431F341DBE0A7F00FEA46E /* LoginWireframe.swift */; };
		84431F371DBE0A8C00FEA46E /* LoginWireframeProtocol.swift in Sources */ = {isa = PBXBuildFile; fileRef = 84431F361DBE0A8C00FEA46E /* LoginWireframeProtocol.swift */; };
		84431F391DBE0DA100FEA46E /* LoginInteractor.swift in Sources */ = {isa = PBXBuildFile; fileRef = 84431F381DBE0DA100FEA46E /* LoginInteractor.swift */; };
		84431F3B1DBE0DB500FEA46E /* LoginProtocol.swift in Sources */ = {isa = PBXBuildFile; fileRef = 84431F3A1DBE0DB500FEA46E /* LoginProtocol.swift */; };
		8455CB5E1DC1FC8A009CE511 /* RoomsViewController.swift in Sources */ = {isa = PBXBuildFile; fileRef = 8455CB5D1DC1FC8A009CE511 /* RoomsViewController.swift */; };
		8455CB601DC1FC94009CE511 /* Rooms.storyboard in Resources */ = {isa = PBXBuildFile; fileRef = 8455CB5F1DC1FC94009CE511 /* Rooms.storyboard */; };
		8455CB621DC1FCC7009CE511 /* RoomsInteractor.swift in Sources */ = {isa = PBXBuildFile; fileRef = 8455CB611DC1FCC7009CE511 /* RoomsInteractor.swift */; };
		8455CB641DC1FCE1009CE511 /* RoomsInteractorProtocol.swift in Sources */ = {isa = PBXBuildFile; fileRef = 8455CB631DC1FCE1009CE511 /* RoomsInteractorProtocol.swift */; };
		8455CB661DC1FCF1009CE511 /* RoomsPresenter.swift in Sources */ = {isa = PBXBuildFile; fileRef = 8455CB651DC1FCF1009CE511 /* RoomsPresenter.swift */; };
		8455CB681DC1FD0F009CE511 /* RoomsPresenterProtocol.swift in Sources */ = {isa = PBXBuildFile; fileRef = 8455CB671DC1FD0F009CE511 /* RoomsPresenterProtocol.swift */; };
		8455CB6A1DC1FD27009CE511 /* RoomsWireframe.swift in Sources */ = {isa = PBXBuildFile; fileRef = 8455CB691DC1FD27009CE511 /* RoomsWireframe.swift */; };
		8455CB6C1DC1FD3A009CE511 /* RoomsWireframeProtocol.swift in Sources */ = {isa = PBXBuildFile; fileRef = 8455CB6B1DC1FD3A009CE511 /* RoomsWireframeProtocol.swift */; };
		8455CB6F1DC1FE42009CE511 /* RoomsCell.xib in Resources */ = {isa = PBXBuildFile; fileRef = 8455CB6E1DC1FE42009CE511 /* RoomsCell.xib */; };
		8455CB711DC1FE71009CE511 /* RoomsCell.swift in Sources */ = {isa = PBXBuildFile; fileRef = 8455CB701DC1FE71009CE511 /* RoomsCell.swift */; };
		846E64A01DBDF0B60088D4D3 /* AppDelegate.swift in Sources */ = {isa = PBXBuildFile; fileRef = 846E649F1DBDF0B60088D4D3 /* AppDelegate.swift */; };
		846E64A71DBDF0B60088D4D3 /* Assets.xcassets in Resources */ = {isa = PBXBuildFile; fileRef = 846E64A61DBDF0B60088D4D3 /* Assets.xcassets */; };
		846E64AA1DBDF0B60088D4D3 /* LaunchScreen.storyboard in Resources */ = {isa = PBXBuildFile; fileRef = 846E64A81DBDF0B60088D4D3 /* LaunchScreen.storyboard */; };
		846E64B91DBDF42D0088D4D3 /* Realm.framework in Frameworks */ = {isa = PBXBuildFile; fileRef = 846E64B71DBDF42D0088D4D3 /* Realm.framework */; };
		846E64BA1DBDF42D0088D4D3 /* Realm.framework in Embed Frameworks */ = {isa = PBXBuildFile; fileRef = 846E64B71DBDF42D0088D4D3 /* Realm.framework */; settings = {ATTRIBUTES = (CodeSignOnCopy, RemoveHeadersOnCopy, ); }; };
		846E64BB1DBDF42D0088D4D3 /* RealmSwift.framework in Frameworks */ = {isa = PBXBuildFile; fileRef = 846E64B81DBDF42D0088D4D3 /* RealmSwift.framework */; };
		846E64BC1DBDF42D0088D4D3 /* RealmSwift.framework in Embed Frameworks */ = {isa = PBXBuildFile; fileRef = 846E64B81DBDF42D0088D4D3 /* RealmSwift.framework */; settings = {ATTRIBUTES = (CodeSignOnCopy, RemoveHeadersOnCopy, ); }; };
		846E64BF1DBDF7AB0088D4D3 /* Model.swift in Sources */ = {isa = PBXBuildFile; fileRef = 846E64BE1DBDF7AB0088D4D3 /* Model.swift */; };
		84CFBF6D1DBE2714007B844A /* LoginPresenter.swift in Sources */ = {isa = PBXBuildFile; fileRef = 84CFBF6B1DBE2714007B844A /* LoginPresenter.swift */; };
		84CFBF6E1DBE2714007B844A /* LoginPresenterProtocol.swift in Sources */ = {isa = PBXBuildFile; fileRef = 84CFBF6C1DBE2714007B844A /* LoginPresenterProtocol.swift */; };
		84CFBF711DBE2749007B844A /* Login.storyboard in Resources */ = {isa = PBXBuildFile; fileRef = 84CFBF6F1DBE2749007B844A /* Login.storyboard */; };
		84CFBF721DBE2749007B844A /* LoginViewController.swift in Sources */ = {isa = PBXBuildFile; fileRef = 84CFBF701DBE2749007B844A /* LoginViewController.swift */; };
		84CFBF741DBE2CE1007B844A /* Main.storyboard in Resources */ = {isa = PBXBuildFile; fileRef = 84CFBF731DBE2CE1007B844A /* Main.storyboard */; };
		84CFBF761DBE2D03007B844A /* MainViewController.swift in Sources */ = {isa = PBXBuildFile; fileRef = 84CFBF751DBE2D03007B844A /* MainViewController.swift */; };
		84CFBF781DBE33A2007B844A /* MainInteractor.swift in Sources */ = {isa = PBXBuildFile; fileRef = 84CFBF771DBE33A2007B844A /* MainInteractor.swift */; };
		84CFBF7A1DBE33B3007B844A /* MainInteractorProtocol.swift in Sources */ = {isa = PBXBuildFile; fileRef = 84CFBF791DBE33B3007B844A /* MainInteractorProtocol.swift */; };
		84CFBF7C1DBE33EF007B844A /* MainPresenter.swift in Sources */ = {isa = PBXBuildFile; fileRef = 84CFBF7B1DBE33EF007B844A /* MainPresenter.swift */; };
		84CFBF7E1DBE3402007B844A /* MainPresenterProtocol.swift in Sources */ = {isa = PBXBuildFile; fileRef = 84CFBF7D1DBE3402007B844A /* MainPresenterProtocol.swift */; };
		84F045A41DC22FA8009C2EF3 /* Create.storyboard in Resources */ = {isa = PBXBuildFile; fileRef = 84F045A31DC22FA8009C2EF3 /* Create.storyboard */; };
		84F045A61DC23035009C2EF3 /* CreateViewController.swift in Sources */ = {isa = PBXBuildFile; fileRef = 84F045A51DC23035009C2EF3 /* CreateViewController.swift */; };
		84F045A91DC230E6009C2EF3 /* CreateCell.xib in Resources */ = {isa = PBXBuildFile; fileRef = 84F045A81DC230E6009C2EF3 /* CreateCell.xib */; };
		84F045AB1DC23188009C2EF3 /* CreateCell.swift in Sources */ = {isa = PBXBuildFile; fileRef = 84F045AA1DC23188009C2EF3 /* CreateCell.swift */; };
		84F215F71DC2883400FD8595 /* HeaderView.xib in Resources */ = {isa = PBXBuildFile; fileRef = 84F215F61DC2883400FD8595 /* HeaderView.xib */; };
		84F215F91DC2889300FD8595 /* HeaderView.swift in Sources */ = {isa = PBXBuildFile; fileRef = 84F215F81DC2889300FD8595 /* HeaderView.swift */; };
		84F215FC1DC28C2D00FD8595 /* SaveCell.xib in Resources */ = {isa = PBXBuildFile; fileRef = 84F215FB1DC28C2D00FD8595 /* SaveCell.xib */; };
		84F215FE1DC28C7700FD8595 /* SaveCell.swift in Sources */ = {isa = PBXBuildFile; fileRef = 84F215FD1DC28C7700FD8595 /* SaveCell.swift */; };
		84F216001DC28F2200FD8595 /* CreateRoomInteractor.swift in Sources */ = {isa = PBXBuildFile; fileRef = 84F215FF1DC28F2200FD8595 /* CreateRoomInteractor.swift */; };
		84F216021DC28F4200FD8595 /* CreateRoomInteractorProtocol.swift in Sources */ = {isa = PBXBuildFile; fileRef = 84F216011DC28F4200FD8595 /* CreateRoomInteractorProtocol.swift */; };
		84F216041DC28F9D00FD8595 /* Room.swift in Sources */ = {isa = PBXBuildFile; fileRef = 84F216031DC28F9D00FD8595 /* Room.swift */; };
		8DB2CD237550B1FCB34C7CE1 /* Pods_RealmMBPlatform.framework in Frameworks */ = {isa = PBXBuildFile; fileRef = D85C30DA2A1204999FDCCD7B /* Pods_RealmMBPlatform.framework */; };
/* End PBXBuildFile section */

/* Begin PBXCopyFilesBuildPhase section */
		846E64BD1DBDF42E0088D4D3 /* Embed Frameworks */ = {
			isa = PBXCopyFilesBuildPhase;
			buildActionMask = 2147483647;
			dstPath = "";
			dstSubfolderSpec = 10;
			files = (
				846E64BC1DBDF42D0088D4D3 /* RealmSwift.framework in Embed Frameworks */,
				846E64BA1DBDF42D0088D4D3 /* Realm.framework in Embed Frameworks */,
			);
			name = "Embed Frameworks";
			runOnlyForDeploymentPostprocessing = 0;
		};
/* End PBXCopyFilesBuildPhase section */

/* Begin PBXFileReference section */
		0BED3EE8D37D681D203686C8 /* Pods-RealmMBPlatform.release.xcconfig */ = {isa = PBXFileReference; includeInIndex = 1; lastKnownFileType = text.xcconfig; name = "Pods-RealmMBPlatform.release.xcconfig"; path = "Pods/Target Support Files/Pods-RealmMBPlatform/Pods-RealmMBPlatform.release.xcconfig"; sourceTree = "<group>"; };
		0F07BDEDA9138D699E922D81 /* Pods-RealmMBPlatform.debug.xcconfig */ = {isa = PBXFileReference; includeInIndex = 1; lastKnownFileType = text.xcconfig; name = "Pods-RealmMBPlatform.debug.xcconfig"; path = "Pods/Target Support Files/Pods-RealmMBPlatform/Pods-RealmMBPlatform.debug.xcconfig"; sourceTree = "<group>"; };
		840582841DC0C7AB003B3E84 /* MessageCell.xib */ = {isa = PBXFileReference; fileEncoding = 4; lastKnownFileType = file.xib; path = MessageCell.xib; sourceTree = "<group>"; };
		840582861DC0C8A5003B3E84 /* MessageTableViewCell.swift */ = {isa = PBXFileReference; fileEncoding = 4; lastKnownFileType = sourcecode.swift; path = MessageTableViewCell.swift; sourceTree = "<group>"; };
		841356A71DC08750005C1565 /* Registration.storyboard */ = {isa = PBXFileReference; fileEncoding = 4; lastKnownFileType = file.storyboard; path = Registration.storyboard; sourceTree = "<group>"; };
		841356A91DC0875F005C1565 /* RegistrationViewController.swift */ = {isa = PBXFileReference; fileEncoding = 4; lastKnownFileType = sourcecode.swift; path = RegistrationViewController.swift; sourceTree = "<group>"; };
		841356AB1DC0878B005C1565 /* RegistrationInteractor.swift */ = {isa = PBXFileReference; fileEncoding = 4; lastKnownFileType = sourcecode.swift; path = RegistrationInteractor.swift; sourceTree = "<group>"; };
		841356AD1DC087B0005C1565 /* RegistrationInteractorProtocol.swift */ = {isa = PBXFileReference; fileEncoding = 4; lastKnownFileType = sourcecode.swift; path = RegistrationInteractorProtocol.swift; sourceTree = "<group>"; };
		841356AF1DC087C3005C1565 /* RegistrationPresenter.swift */ = {isa = PBXFileReference; fileEncoding = 4; lastKnownFileType = sourcecode.swift; path = RegistrationPresenter.swift; sourceTree = "<group>"; };
		841356B11DC087E4005C1565 /* RegistrationPresenterProtocol.swift */ = {isa = PBXFileReference; fileEncoding = 4; lastKnownFileType = sourcecode.swift; path = RegistrationPresenterProtocol.swift; sourceTree = "<group>"; };
		841356B31DC087F4005C1565 /* RegistrationWireframe.swift */ = {isa = PBXFileReference; fileEncoding = 4; lastKnownFileType = sourcecode.swift; path = RegistrationWireframe.swift; sourceTree = "<group>"; };
		841356B51DC08816005C1565 /* RegistrationWireframeProtocol.swift */ = {isa = PBXFileReference; fileEncoding = 4; lastKnownFileType = sourcecode.swift; path = RegistrationWireframeProtocol.swift; sourceTree = "<group>"; };
		841D6B3D1DC292D3007A9B4A /* CreateRoomPresenter.swift */ = {isa = PBXFileReference; fileEncoding = 4; lastKnownFileType = sourcecode.swift; path = CreateRoomPresenter.swift; sourceTree = "<group>"; };
		841D6B3F1DC292EA007A9B4A /* CreateRoomPresenterProtocol.swift */ = {isa = PBXFileReference; fileEncoding = 4; lastKnownFileType = sourcecode.swift; path = CreateRoomPresenterProtocol.swift; sourceTree = "<group>"; };
		84431F321DBE0A0200FEA46E /* RootWireframe.swift */ = {isa = PBXFileReference; fileEncoding = 4; lastKnownFileType = sourcecode.swift; path = RootWireframe.swift; sourceTree = "<group>"; };
		84431F341DBE0A7F00FEA46E /* LoginWireframe.swift */ = {isa = PBXFileReference; fileEncoding = 4; lastKnownFileType = sourcecode.swift; path = LoginWireframe.swift; sourceTree = "<group>"; };
		84431F361DBE0A8C00FEA46E /* LoginWireframeProtocol.swift */ = {isa = PBXFileReference; fileEncoding = 4; lastKnownFileType = sourcecode.swift; path = LoginWireframeProtocol.swift; sourceTree = "<group>"; };
		84431F381DBE0DA100FEA46E /* LoginInteractor.swift */ = {isa = PBXFileReference; fileEncoding = 4; lastKnownFileType = sourcecode.swift; path = LoginInteractor.swift; sourceTree = "<group>"; };
		84431F3A1DBE0DB500FEA46E /* LoginProtocol.swift */ = {isa = PBXFileReference; fileEncoding = 4; lastKnownFileType = sourcecode.swift; path = LoginProtocol.swift; sourceTree = "<group>"; };
		8455CB5D1DC1FC8A009CE511 /* RoomsViewController.swift */ = {isa = PBXFileReference; fileEncoding = 4; lastKnownFileType = sourcecode.swift; path = RoomsViewController.swift; sourceTree = "<group>"; };
		8455CB5F1DC1FC94009CE511 /* Rooms.storyboard */ = {isa = PBXFileReference; fileEncoding = 4; lastKnownFileType = file.storyboard; path = Rooms.storyboard; sourceTree = "<group>"; };
		8455CB611DC1FCC7009CE511 /* RoomsInteractor.swift */ = {isa = PBXFileReference; fileEncoding = 4; lastKnownFileType = sourcecode.swift; path = RoomsInteractor.swift; sourceTree = "<group>"; };
		8455CB631DC1FCE1009CE511 /* RoomsInteractorProtocol.swift */ = {isa = PBXFileReference; fileEncoding = 4; lastKnownFileType = sourcecode.swift; path = RoomsInteractorProtocol.swift; sourceTree = "<group>"; };
		8455CB651DC1FCF1009CE511 /* RoomsPresenter.swift */ = {isa = PBXFileReference; fileEncoding = 4; lastKnownFileType = sourcecode.swift; path = RoomsPresenter.swift; sourceTree = "<group>"; };
		8455CB671DC1FD0F009CE511 /* RoomsPresenterProtocol.swift */ = {isa = PBXFileReference; fileEncoding = 4; lastKnownFileType = sourcecode.swift; path = RoomsPresenterProtocol.swift; sourceTree = "<group>"; };
		8455CB691DC1FD27009CE511 /* RoomsWireframe.swift */ = {isa = PBXFileReference; fileEncoding = 4; lastKnownFileType = sourcecode.swift; path = RoomsWireframe.swift; sourceTree = "<group>"; };
		8455CB6B1DC1FD3A009CE511 /* RoomsWireframeProtocol.swift */ = {isa = PBXFileReference; fileEncoding = 4; lastKnownFileType = sourcecode.swift; path = RoomsWireframeProtocol.swift; sourceTree = "<group>"; };
		8455CB6E1DC1FE42009CE511 /* RoomsCell.xib */ = {isa = PBXFileReference; fileEncoding = 4; lastKnownFileType = file.xib; path = RoomsCell.xib; sourceTree = "<group>"; };
		8455CB701DC1FE71009CE511 /* RoomsCell.swift */ = {isa = PBXFileReference; fileEncoding = 4; lastKnownFileType = sourcecode.swift; path = RoomsCell.swift; sourceTree = "<group>"; };
		846E649C1DBDF0B60088D4D3 /* RealmMBPlatform.app */ = {isa = PBXFileReference; explicitFileType = wrapper.application; includeInIndex = 0; path = RealmMBPlatform.app; sourceTree = BUILT_PRODUCTS_DIR; };
		846E649F1DBDF0B60088D4D3 /* AppDelegate.swift */ = {isa = PBXFileReference; lastKnownFileType = sourcecode.swift; path = AppDelegate.swift; sourceTree = "<group>"; };
		846E64A61DBDF0B60088D4D3 /* Assets.xcassets */ = {isa = PBXFileReference; lastKnownFileType = folder.assetcatalog; path = Assets.xcassets; sourceTree = "<group>"; };
		846E64A91DBDF0B60088D4D3 /* Base */ = {isa = PBXFileReference; lastKnownFileType = file.storyboard; name = Base; path = Base.lproj/LaunchScreen.storyboard; sourceTree = "<group>"; };
		846E64AB1DBDF0B60088D4D3 /* Info.plist */ = {isa = PBXFileReference; lastKnownFileType = text.plist.xml; path = Info.plist; sourceTree = "<group>"; };
		846E64B11DBDF0C90088D4D3 /* RealmMBPlatform.entitlements */ = {isa = PBXFileReference; lastKnownFileType = text.plist.entitlements; path = RealmMBPlatform.entitlements; sourceTree = "<group>"; };
		846E64B71DBDF42D0088D4D3 /* Realm.framework */ = {isa = PBXFileReference; lastKnownFileType = wrapper.framework; path = Realm.framework; sourceTree = "<group>"; };
		846E64B81DBDF42D0088D4D3 /* RealmSwift.framework */ = {isa = PBXFileReference; lastKnownFileType = wrapper.framework; path = RealmSwift.framework; sourceTree = "<group>"; };
		846E64BE1DBDF7AB0088D4D3 /* Model.swift */ = {isa = PBXFileReference; fileEncoding = 4; lastKnownFileType = sourcecode.swift; path = Model.swift; sourceTree = "<group>"; };
		84CFBF6B1DBE2714007B844A /* LoginPresenter.swift */ = {isa = PBXFileReference; fileEncoding = 4; lastKnownFileType = sourcecode.swift; path = LoginPresenter.swift; sourceTree = "<group>"; };
		84CFBF6C1DBE2714007B844A /* LoginPresenterProtocol.swift */ = {isa = PBXFileReference; fileEncoding = 4; lastKnownFileType = sourcecode.swift; path = LoginPresenterProtocol.swift; sourceTree = "<group>"; };
		84CFBF6F1DBE2749007B844A /* Login.storyboard */ = {isa = PBXFileReference; fileEncoding = 4; lastKnownFileType = file.storyboard; path = Login.storyboard; sourceTree = "<group>"; };
		84CFBF701DBE2749007B844A /* LoginViewController.swift */ = {isa = PBXFileReference; fileEncoding = 4; lastKnownFileType = sourcecode.swift; path = LoginViewController.swift; sourceTree = "<group>"; };
		84CFBF731DBE2CE1007B844A /* Main.storyboard */ = {isa = PBXFileReference; fileEncoding = 4; lastKnownFileType = file.storyboard; path = Main.storyboard; sourceTree = "<group>"; };
		84CFBF751DBE2D03007B844A /* MainViewController.swift */ = {isa = PBXFileReference; fileEncoding = 4; lastKnownFileType = sourcecode.swift; path = MainViewController.swift; sourceTree = "<group>"; };
		84CFBF771DBE33A2007B844A /* MainInteractor.swift */ = {isa = PBXFileReference; fileEncoding = 4; lastKnownFileType = sourcecode.swift; path = MainInteractor.swift; sourceTree = "<group>"; };
		84CFBF791DBE33B3007B844A /* MainInteractorProtocol.swift */ = {isa = PBXFileReference; fileEncoding = 4; lastKnownFileType = sourcecode.swift; path = MainInteractorProtocol.swift; sourceTree = "<group>"; };
		84CFBF7B1DBE33EF007B844A /* MainPresenter.swift */ = {isa = PBXFileReference; fileEncoding = 4; lastKnownFileType = sourcecode.swift; path = MainPresenter.swift; sourceTree = "<group>"; };
		84CFBF7D1DBE3402007B844A /* MainPresenterProtocol.swift */ = {isa = PBXFileReference; fileEncoding = 4; lastKnownFileType = sourcecode.swift; path = MainPresenterProtocol.swift; sourceTree = "<group>"; };
		84F045A31DC22FA8009C2EF3 /* Create.storyboard */ = {isa = PBXFileReference; fileEncoding = 4; lastKnownFileType = file.storyboard; path = Create.storyboard; sourceTree = "<group>"; };
		84F045A51DC23035009C2EF3 /* CreateViewController.swift */ = {isa = PBXFileReference; fileEncoding = 4; lastKnownFileType = sourcecode.swift; path = CreateViewController.swift; sourceTree = "<group>"; };
		84F045A81DC230E6009C2EF3 /* CreateCell.xib */ = {isa = PBXFileReference; fileEncoding = 4; lastKnownFileType = file.xib; path = CreateCell.xib; sourceTree = "<group>"; };
		84F045AA1DC23188009C2EF3 /* CreateCell.swift */ = {isa = PBXFileReference; fileEncoding = 4; lastKnownFileType = sourcecode.swift; path = CreateCell.swift; sourceTree = "<group>"; };
		84F215F61DC2883400FD8595 /* HeaderView.xib */ = {isa = PBXFileReference; fileEncoding = 4; lastKnownFileType = file.xib; path = HeaderView.xib; sourceTree = "<group>"; };
		84F215F81DC2889300FD8595 /* HeaderView.swift */ = {isa = PBXFileReference; fileEncoding = 4; lastKnownFileType = sourcecode.swift; path = HeaderView.swift; sourceTree = "<group>"; };
		84F215FB1DC28C2D00FD8595 /* SaveCell.xib */ = {isa = PBXFileReference; fileEncoding = 4; lastKnownFileType = file.xib; path = SaveCell.xib; sourceTree = "<group>"; };
		84F215FD1DC28C7700FD8595 /* SaveCell.swift */ = {isa = PBXFileReference; fileEncoding = 4; lastKnownFileType = sourcecode.swift; path = SaveCell.swift; sourceTree = "<group>"; };
		84F215FF1DC28F2200FD8595 /* CreateRoomInteractor.swift */ = {isa = PBXFileReference; fileEncoding = 4; lastKnownFileType = sourcecode.swift; path = CreateRoomInteractor.swift; sourceTree = "<group>"; };
		84F216011DC28F4200FD8595 /* CreateRoomInteractorProtocol.swift */ = {isa = PBXFileReference; fileEncoding = 4; lastKnownFileType = sourcecode.swift; path = CreateRoomInteractorProtocol.swift; sourceTree = "<group>"; };
		84F216031DC28F9D00FD8595 /* Room.swift */ = {isa = PBXFileReference; fileEncoding = 4; lastKnownFileType = sourcecode.swift; path = Room.swift; sourceTree = "<group>"; };
		D85C30DA2A1204999FDCCD7B /* Pods_RealmMBPlatform.framework */ = {isa = PBXFileReference; explicitFileType = wrapper.framework; includeInIndex = 0; path = Pods_RealmMBPlatform.framework; sourceTree = BUILT_PRODUCTS_DIR; };
/* End PBXFileReference section */

/* Begin PBXFrameworksBuildPhase section */
		846E64991DBDF0B60088D4D3 /* Frameworks */ = {
			isa = PBXFrameworksBuildPhase;
			buildActionMask = 2147483647;
			files = (
				846E64BB1DBDF42D0088D4D3 /* RealmSwift.framework in Frameworks */,
				846E64B91DBDF42D0088D4D3 /* Realm.framework in Frameworks */,
				8DB2CD237550B1FCB34C7CE1 /* Pods_RealmMBPlatform.framework in Frameworks */,
			);
			runOnlyForDeploymentPostprocessing = 0;
		};
/* End PBXFrameworksBuildPhase section */

/* Begin PBXGroup section */
		2BECC70A322325BFF217391B /* Frameworks */ = {
			isa = PBXGroup;
			children = (
				D85C30DA2A1204999FDCCD7B /* Pods_RealmMBPlatform.framework */,
			);
			name = Frameworks;
			sourceTree = "<group>";
		};
		840582821DC0C783003B3E84 /* TableViewCell */ = {
			isa = PBXGroup;
			children = (
				84F215FA1DC28C1A00FD8595 /* SaveCell */,
				84F045A71DC23099009C2EF3 /* CreateCell */,
				8455CB6D1DC1FE2C009CE511 /* RoomsCell */,
				840582831DC0C797003B3E84 /* MessageCell */,
			);
			path = TableViewCell;
			sourceTree = "<group>";
		};
		840582831DC0C797003B3E84 /* MessageCell */ = {
			isa = PBXGroup;
			children = (
				840582841DC0C7AB003B3E84 /* MessageCell.xib */,
				840582861DC0C8A5003B3E84 /* MessageTableViewCell.swift */,
			);
			path = MessageCell;
			sourceTree = "<group>";
		};
		841356A21DC086D3005C1565 /* Registration */ = {
			isa = PBXGroup;
			children = (
				841356A61DC08733005C1565 /* Wireframe */,
				841356A51DC08726005C1565 /* Presenter */,
				841356A41DC08713005C1565 /* Interactor */,
				841356A31DC086F0005C1565 /* View */,
			);
			path = Registration;
			sourceTree = "<group>";
		};
		841356A31DC086F0005C1565 /* View */ = {
			isa = PBXGroup;
			children = (
				841356A71DC08750005C1565 /* Registration.storyboard */,
				841356A91DC0875F005C1565 /* RegistrationViewController.swift */,
			);
			path = View;
			sourceTree = "<group>";
		};
		841356A41DC08713005C1565 /* Interactor */ = {
			isa = PBXGroup;
			children = (
				841356AB1DC0878B005C1565 /* RegistrationInteractor.swift */,
				841356AD1DC087B0005C1565 /* RegistrationInteractorProtocol.swift */,
			);
			path = Interactor;
			sourceTree = "<group>";
		};
		841356A51DC08726005C1565 /* Presenter */ = {
			isa = PBXGroup;
			children = (
				841356AF1DC087C3005C1565 /* RegistrationPresenter.swift */,
				841356B11DC087E4005C1565 /* RegistrationPresenterProtocol.swift */,
			);
			path = Presenter;
			sourceTree = "<group>";
		};
		841356A61DC08733005C1565 /* Wireframe */ = {
			isa = PBXGroup;
			children = (
				841356B31DC087F4005C1565 /* RegistrationWireframe.swift */,
				841356B51DC08816005C1565 /* RegistrationWireframeProtocol.swift */,
			);
			path = Wireframe;
			sourceTree = "<group>";
		};
		84431F221DBE084700FEA46E /* Login */ = {
			isa = PBXGroup;
			children = (
				84431F271DBE089F00FEA46E /* Wireframe */,
				84431F261DBE089200FEA46E /* Presenter */,
				84431F251DBE088100FEA46E /* Interactor */,
				84431F241DBE087400FEA46E /* View */,
			);
			path = Login;
			sourceTree = "<group>";
		};
		84431F231DBE085200FEA46E /* Main */ = {
			isa = PBXGroup;
			children = (
				84431F2D1DBE091400FEA46E /* Wireframe */,
				84431F2C1DBE090500FEA46E /* Presenter */,
				84431F2B1DBE08F200FEA46E /* Interactor */,
				84431F2A1DBE08E700FEA46E /* View */,
			);
			name = Main;
			sourceTree = "<group>";
		};
		84431F241DBE087400FEA46E /* View */ = {
			isa = PBXGroup;
			children = (
				84CFBF6F1DBE2749007B844A /* Login.storyboard */,
				84CFBF701DBE2749007B844A /* LoginViewController.swift */,
			);
			path = View;
			sourceTree = "<group>";
		};
		84431F251DBE088100FEA46E /* Interactor */ = {
			isa = PBXGroup;
			children = (
				84431F381DBE0DA100FEA46E /* LoginInteractor.swift */,
				84431F3A1DBE0DB500FEA46E /* LoginProtocol.swift */,
			);
			path = Interactor;
			sourceTree = "<group>";
		};
		84431F261DBE089200FEA46E /* Presenter */ = {
			isa = PBXGroup;
			children = (
				84CFBF6B1DBE2714007B844A /* LoginPresenter.swift */,
				84CFBF6C1DBE2714007B844A /* LoginPresenterProtocol.swift */,
			);
			path = Presenter;
			sourceTree = "<group>";
		};
		84431F271DBE089F00FEA46E /* Wireframe */ = {
			isa = PBXGroup;
			children = (
				84431F341DBE0A7F00FEA46E /* LoginWireframe.swift */,
				84431F361DBE0A8C00FEA46E /* LoginWireframeProtocol.swift */,
			);
			path = Wireframe;
			sourceTree = "<group>";
		};
		84431F2A1DBE08E700FEA46E /* View */ = {
			isa = PBXGroup;
			children = (
				84CFBF731DBE2CE1007B844A /* Main.storyboard */,
				84CFBF751DBE2D03007B844A /* MainViewController.swift */,
			);
			name = View;
			path = Main/View;
			sourceTree = "<group>";
		};
		84431F2B1DBE08F200FEA46E /* Interactor */ = {
			isa = PBXGroup;
			children = (
				84CFBF771DBE33A2007B844A /* MainInteractor.swift */,
				84CFBF791DBE33B3007B844A /* MainInteractorProtocol.swift */,
			);
			name = Interactor;
			path = Main/Interactor;
			sourceTree = "<group>";
		};
		84431F2C1DBE090500FEA46E /* Presenter */ = {
			isa = PBXGroup;
			children = (
				84CFBF7B1DBE33EF007B844A /* MainPresenter.swift */,
				84CFBF7D1DBE3402007B844A /* MainPresenterProtocol.swift */,
			);
			name = Presenter;
			path = Main/Presenter;
			sourceTree = "<group>";
		};
		84431F2D1DBE091400FEA46E /* Wireframe */ = {
			isa = PBXGroup;
			children = (
			);
			name = Wireframe;
			path = Main/Wireframe;
			sourceTree = "<group>";
		};
		8455CB581DC1FC27009CE511 /* Rooms */ = {
			isa = PBXGroup;
			children = (
				8455CB5C1DC1FC67009CE511 /* Wireframe */,
				8455CB5B1DC1FC5C009CE511 /* Presenter */,
				8455CB5A1DC1FC46009CE511 /* Interactor */,
				8455CB591DC1FC3C009CE511 /* View */,
			);
			path = Rooms;
			sourceTree = "<group>";
		};
		8455CB591DC1FC3C009CE511 /* View */ = {
			isa = PBXGroup;
			children = (
				8455CB5D1DC1FC8A009CE511 /* RoomsViewController.swift */,
				8455CB5F1DC1FC94009CE511 /* Rooms.storyboard */,
			);
			path = View;
			sourceTree = "<group>";
		};
		8455CB5A1DC1FC46009CE511 /* Interactor */ = {
			isa = PBXGroup;
			children = (
				8455CB611DC1FCC7009CE511 /* RoomsInteractor.swift */,
				8455CB631DC1FCE1009CE511 /* RoomsInteractorProtocol.swift */,
			);
			path = Interactor;
			sourceTree = "<group>";
		};
		8455CB5B1DC1FC5C009CE511 /* Presenter */ = {
			isa = PBXGroup;
			children = (
				8455CB651DC1FCF1009CE511 /* RoomsPresenter.swift */,
				8455CB671DC1FD0F009CE511 /* RoomsPresenterProtocol.swift */,
			);
			path = Presenter;
			sourceTree = "<group>";
		};
		8455CB5C1DC1FC67009CE511 /* Wireframe */ = {
			isa = PBXGroup;
			children = (
				8455CB691DC1FD27009CE511 /* RoomsWireframe.swift */,
				8455CB6B1DC1FD3A009CE511 /* RoomsWireframeProtocol.swift */,
			);
			path = Wireframe;
			sourceTree = "<group>";
		};
		8455CB6D1DC1FE2C009CE511 /* RoomsCell */ = {
			isa = PBXGroup;
			children = (
				8455CB6E1DC1FE42009CE511 /* RoomsCell.xib */,
				8455CB701DC1FE71009CE511 /* RoomsCell.swift */,
			);
			path = RoomsCell;
			sourceTree = "<group>";
		};
		846E64931DBDF0B60088D4D3 = {
			isa = PBXGroup;
			children = (
				846E64B21DBDF3DD0088D4D3 /* Framework */,
				846E649E1DBDF0B60088D4D3 /* RealmMBPlatform */,
				846E649D1DBDF0B60088D4D3 /* Products */,
				9009CC79B67966EEA12BF015 /* Pods */,
				2BECC70A322325BFF217391B /* Frameworks */,
			);
			sourceTree = "<group>";
		};
		846E649D1DBDF0B60088D4D3 /* Products */ = {
			isa = PBXGroup;
			children = (
				846E649C1DBDF0B60088D4D3 /* RealmMBPlatform.app */,
			);
			name = Products;
			sourceTree = "<group>";
		};
		846E649E1DBDF0B60088D4D3 /* RealmMBPlatform */ = {
			isa = PBXGroup;
			children = (
				84F215F51DC2882000FD8595 /* HeaderView */,
				840582821DC0C783003B3E84 /* TableViewCell */,
				846E64C01DBDFE4A0088D4D3 /* Module */,
				846E64B11DBDF0C90088D4D3 /* RealmMBPlatform.entitlements */,
				846E649F1DBDF0B60088D4D3 /* AppDelegate.swift */,
				84431F321DBE0A0200FEA46E /* RootWireframe.swift */,
				846E64BE1DBDF7AB0088D4D3 /* Model.swift */,
				846E64A61DBDF0B60088D4D3 /* Assets.xcassets */,
				846E64A81DBDF0B60088D4D3 /* LaunchScreen.storyboard */,
				846E64AB1DBDF0B60088D4D3 /* Info.plist */,
				84F216031DC28F9D00FD8595 /* Room.swift */,
			);
			path = RealmMBPlatform;
			sourceTree = "<group>";
		};
		846E64B21DBDF3DD0088D4D3 /* Framework */ = {
			isa = PBXGroup;
			children = (
				846E64B71DBDF42D0088D4D3 /* Realm.framework */,
				846E64B81DBDF42D0088D4D3 /* RealmSwift.framework */,
			);
			path = Framework;
			sourceTree = "<group>";
		};
		846E64C01DBDFE4A0088D4D3 /* Module */ = {
			isa = PBXGroup;
			children = (
				84F0459E1DC22F5A009C2EF3 /* CreateRoom */,
				8455CB581DC1FC27009CE511 /* Rooms */,
				841356A21DC086D3005C1565 /* Registration */,
				84431F231DBE085200FEA46E /* Main */,
				84431F221DBE084700FEA46E /* Login */,
			);
			path = Module;
			sourceTree = "<group>";
		};
		84F0459E1DC22F5A009C2EF3 /* CreateRoom */ = {
			isa = PBXGroup;
			children = (
				84F045A21DC22F97009C2EF3 /* Wireframe */,
				84F045A11DC22F89009C2EF3 /* Presenter */,
				84F045A01DC22F7A009C2EF3 /* Interactor */,
				84F0459F1DC22F70009C2EF3 /* View */,
			);
			name = CreateRoom;
			path = CreateRooms;
			sourceTree = "<group>";
		};
		84F0459F1DC22F70009C2EF3 /* View */ = {
			isa = PBXGroup;
			children = (
				84F045A31DC22FA8009C2EF3 /* Create.storyboard */,
				84F045A51DC23035009C2EF3 /* CreateViewController.swift */,
			);
			path = View;
			sourceTree = "<group>";
		};
		84F045A01DC22F7A009C2EF3 /* Interactor */ = {
			isa = PBXGroup;
			children = (
				84F215FF1DC28F2200FD8595 /* CreateRoomInteractor.swift */,
				84F216011DC28F4200FD8595 /* CreateRoomInteractorProtocol.swift */,
			);
			path = Interactor;
			sourceTree = "<group>";
		};
		84F045A11DC22F89009C2EF3 /* Presenter */ = {
			isa = PBXGroup;
			children = (
				841D6B3D1DC292D3007A9B4A /* CreateRoomPresenter.swift */,
				841D6B3F1DC292EA007A9B4A /* CreateRoomPresenterProtocol.swift */,
			);
			path = Presenter;
			sourceTree = "<group>";
		};
		84F045A21DC22F97009C2EF3 /* Wireframe */ = {
			isa = PBXGroup;
			children = (
			);
			path = Wireframe;
			sourceTree = "<group>";
		};
		84F045A71DC23099009C2EF3 /* CreateCell */ = {
			isa = PBXGroup;
			children = (
				84F045A81DC230E6009C2EF3 /* CreateCell.xib */,
				84F045AA1DC23188009C2EF3 /* CreateCell.swift */,
			);
			path = CreateCell;
			sourceTree = "<group>";
		};
		84F215F51DC2882000FD8595 /* HeaderView */ = {
			isa = PBXGroup;
			children = (
				84F215F61DC2883400FD8595 /* HeaderView.xib */,
				84F215F81DC2889300FD8595 /* HeaderView.swift */,
			);
			path = HeaderView;
			sourceTree = "<group>";
		};
		84F215FA1DC28C1A00FD8595 /* SaveCell */ = {
			isa = PBXGroup;
			children = (
				84F215FB1DC28C2D00FD8595 /* SaveCell.xib */,
				84F215FD1DC28C7700FD8595 /* SaveCell.swift */,
			);
			path = SaveCell;
			sourceTree = "<group>";
		};
		9009CC79B67966EEA12BF015 /* Pods */ = {
			isa = PBXGroup;
			children = (
				0F07BDEDA9138D699E922D81 /* Pods-RealmMBPlatform.debug.xcconfig */,
				0BED3EE8D37D681D203686C8 /* Pods-RealmMBPlatform.release.xcconfig */,
			);
			name = Pods;
			sourceTree = "<group>";
		};
/* End PBXGroup section */

/* Begin PBXNativeTarget section */
		846E649B1DBDF0B60088D4D3 /* RealmMBPlatform */ = {
			isa = PBXNativeTarget;
			buildConfigurationList = 846E64AE1DBDF0B60088D4D3 /* Build configuration list for PBXNativeTarget "RealmMBPlatform" */;
			buildPhases = (
				51444239F4BB811EA9CCFC01 /* Check Pods Manifest.lock */,
				846E64981DBDF0B60088D4D3 /* Sources */,
				846E64991DBDF0B60088D4D3 /* Frameworks */,
				846E649A1DBDF0B60088D4D3 /* Resources */,
				846E64BD1DBDF42E0088D4D3 /* Embed Frameworks */,
				EF2405510201517CC2F1C31A /* Embed Pods Frameworks */,
				620C610E8BC9F58C7026C318 /* Copy Pods Resources */,
			);
			buildRules = (
			);
			dependencies = (
			);
			name = RealmMBPlatform;
			productName = RealmMBPlatform;
			productReference = 846E649C1DBDF0B60088D4D3 /* RealmMBPlatform.app */;
			productType = "com.apple.product-type.application";
		};
/* End PBXNativeTarget section */

/* Begin PBXProject section */
		846E64941DBDF0B60088D4D3 /* Project object */ = {
			isa = PBXProject;
			attributes = {
				LastSwiftUpdateCheck = 0800;
				LastUpgradeCheck = 0800;
				ORGANIZATIONNAME = Mozi;
				TargetAttributes = {
					846E649B1DBDF0B60088D4D3 = {
						CreatedOnToolsVersion = 8.0;
						ProvisioningStyle = Automatic;
						SystemCapabilities = {
							com.apple.Keychain = {
								enabled = 1;
							};
						};
					};
				};
			};
			buildConfigurationList = 846E64971DBDF0B60088D4D3 /* Build configuration list for PBXProject "RealmMBPlatform" */;
			compatibilityVersion = "Xcode 3.2";
			developmentRegion = English;
			hasScannedForEncodings = 0;
			knownRegions = (
				en,
				Base,
			);
			mainGroup = 846E64931DBDF0B60088D4D3;
			productRefGroup = 846E649D1DBDF0B60088D4D3 /* Products */;
			projectDirPath = "";
			projectRoot = "";
			targets = (
				846E649B1DBDF0B60088D4D3 /* RealmMBPlatform */,
			);
		};
/* End PBXProject section */

/* Begin PBXResourcesBuildPhase section */
		846E649A1DBDF0B60088D4D3 /* Resources */ = {
			isa = PBXResourcesBuildPhase;
			buildActionMask = 2147483647;
			files = (
				841356A81DC08750005C1565 /* Registration.storyboard in Resources */,
				84F045A91DC230E6009C2EF3 /* CreateCell.xib in Resources */,
				84F045A41DC22FA8009C2EF3 /* Create.storyboard in Resources */,
				84F215F71DC2883400FD8595 /* HeaderView.xib in Resources */,
				840582851DC0C7AB003B3E84 /* MessageCell.xib in Resources */,
				84CFBF711DBE2749007B844A /* Login.storyboard in Resources */,
				84CFBF741DBE2CE1007B844A /* Main.storyboard in Resources */,
				846E64AA1DBDF0B60088D4D3 /* LaunchScreen.storyboard in Resources */,
				84F215FC1DC28C2D00FD8595 /* SaveCell.xib in Resources */,
				846E64A71DBDF0B60088D4D3 /* Assets.xcassets in Resources */,
				8455CB6F1DC1FE42009CE511 /* RoomsCell.xib in Resources */,
				8455CB601DC1FC94009CE511 /* Rooms.storyboard in Resources */,
			);
			runOnlyForDeploymentPostprocessing = 0;
		};
/* End PBXResourcesBuildPhase section */

/* Begin PBXShellScriptBuildPhase section */
		51444239F4BB811EA9CCFC01 /* Check Pods Manifest.lock */ = {
			isa = PBXShellScriptBuildPhase;
			buildActionMask = 2147483647;
			files = (
			);
			inputPaths = (
			);
			name = "Check Pods Manifest.lock";
			outputPaths = (
			);
			runOnlyForDeploymentPostprocessing = 0;
			shellPath = /bin/sh;
			shellScript = "diff \"${PODS_ROOT}/../Podfile.lock\" \"${PODS_ROOT}/Manifest.lock\" > /dev/null\nif [[ $? != 0 ]] ; then\n    cat << EOM\nerror: The sandbox is not in sync with the Podfile.lock. Run 'pod install' or update your CocoaPods installation.\nEOM\n    exit 1\nfi\n";
			showEnvVarsInLog = 0;
		};
		620C610E8BC9F58C7026C318 /* Copy Pods Resources */ = {
			isa = PBXShellScriptBuildPhase;
			buildActionMask = 2147483647;
			files = (
			);
			inputPaths = (
			);
			name = "Copy Pods Resources";
			outputPaths = (
			);
			runOnlyForDeploymentPostprocessing = 0;
			shellPath = /bin/sh;
			shellScript = "\"${SRCROOT}/Pods/Target Support Files/Pods-RealmMBPlatform/Pods-RealmMBPlatform-resources.sh\"\n";
			showEnvVarsInLog = 0;
		};
		EF2405510201517CC2F1C31A /* Embed Pods Frameworks */ = {
			isa = PBXShellScriptBuildPhase;
			buildActionMask = 2147483647;
			files = (
			);
			inputPaths = (
			);
			name = "Embed Pods Frameworks";
			outputPaths = (
			);
			runOnlyForDeploymentPostprocessing = 0;
			shellPath = /bin/sh;
			shellScript = "\"${SRCROOT}/Pods/Target Support Files/Pods-RealmMBPlatform/Pods-RealmMBPlatform-frameworks.sh\"\n";
			showEnvVarsInLog = 0;
		};
/* End PBXShellScriptBuildPhase section */

/* Begin PBXSourcesBuildPhase section */
		846E64981DBDF0B60088D4D3 /* Sources */ = {
			isa = PBXSourcesBuildPhase;
			buildActionMask = 2147483647;
			files = (
				84CFBF6E1DBE2714007B844A /* LoginPresenterProtocol.swift in Sources */,
				84431F371DBE0A8C00FEA46E /* LoginWireframeProtocol.swift in Sources */,
				84F216041DC28F9D00FD8595 /* Room.swift in Sources */,
				84431F331DBE0A0200FEA46E /* RootWireframe.swift in Sources */,
				84CFBF761DBE2D03007B844A /* MainViewController.swift in Sources */,
				84431F3B1DBE0DB500FEA46E /* LoginProtocol.swift in Sources */,
				8455CB641DC1FCE1009CE511 /* RoomsInteractorProtocol.swift in Sources */,
				84CFBF7E1DBE3402007B844A /* MainPresenterProtocol.swift in Sources */,
				84CFBF6D1DBE2714007B844A /* LoginPresenter.swift in Sources */,
				841D6B3E1DC292D3007A9B4A /* CreateRoomPresenter.swift in Sources */,
				84F216021DC28F4200FD8595 /* CreateRoomInteractorProtocol.swift in Sources */,
				84F045A61DC23035009C2EF3 /* CreateViewController.swift in Sources */,
				841356AC1DC0878B005C1565 /* RegistrationInteractor.swift in Sources */,
				84431F351DBE0A7F00FEA46E /* LoginWireframe.swift in Sources */,
				84431F391DBE0DA100FEA46E /* LoginInteractor.swift in Sources */,
				8455CB6C1DC1FD3A009CE511 /* RoomsWireframeProtocol.swift in Sources */,
				84F045AB1DC23188009C2EF3 /* CreateCell.swift in Sources */,
				846E64BF1DBDF7AB0088D4D3 /* Model.swift in Sources */,
				8455CB661DC1FCF1009CE511 /* RoomsPresenter.swift in Sources */,
				8455CB681DC1FD0F009CE511 /* RoomsPresenterProtocol.swift in Sources */,
				8455CB711DC1FE71009CE511 /* RoomsCell.swift in Sources */,
				84F215FE1DC28C7700FD8595 /* SaveCell.swift in Sources */,
				8455CB621DC1FCC7009CE511 /* RoomsInteractor.swift in Sources */,
				8455CB6A1DC1FD27009CE511 /* RoomsWireframe.swift in Sources */,
				841356AE1DC087B0005C1565 /* RegistrationInteractorProtocol.swift in Sources */,
				841356AA1DC0875F005C1565 /* RegistrationViewController.swift in Sources */,
				84CFBF7C1DBE33EF007B844A /* MainPresenter.swift in Sources */,
				84F215F91DC2889300FD8595 /* HeaderView.swift in Sources */,
				846E64A01DBDF0B60088D4D3 /* AppDelegate.swift in Sources */,
				841D6B401DC292EA007A9B4A /* CreateRoomPresenterProtocol.swift in Sources */,
				841356B61DC08816005C1565 /* RegistrationWireframeProtocol.swift in Sources */,
				841356B21DC087E4005C1565 /* RegistrationPresenterProtocol.swift in Sources */,
				841356B01DC087C3005C1565 /* RegistrationPresenter.swift in Sources */,
				841356B41DC087F4005C1565 /* RegistrationWireframe.swift in Sources */,
				8455CB5E1DC1FC8A009CE511 /* RoomsViewController.swift in Sources */,
				840582871DC0C8A5003B3E84 /* MessageTableViewCell.swift in Sources */,
				84CFBF7A1DBE33B3007B844A /* MainInteractorProtocol.swift in Sources */,
				84F216001DC28F2200FD8595 /* CreateRoomInteractor.swift in Sources */,
				84CFBF721DBE2749007B844A /* LoginViewController.swift in Sources */,
				84CFBF781DBE33A2007B844A /* MainInteractor.swift in Sources */,
			);
			runOnlyForDeploymentPostprocessing = 0;
		};
/* End PBXSourcesBuildPhase section */

/* Begin PBXVariantGroup section */
		846E64A81DBDF0B60088D4D3 /* LaunchScreen.storyboard */ = {
			isa = PBXVariantGroup;
			children = (
				846E64A91DBDF0B60088D4D3 /* Base */,
			);
			name = LaunchScreen.storyboard;
			sourceTree = "<group>";
		};
/* End PBXVariantGroup section */

/* Begin XCBuildConfiguration section */
		846E64AC1DBDF0B60088D4D3 /* Debug */ = {
			isa = XCBuildConfiguration;
			buildSettings = {
				ALWAYS_SEARCH_USER_PATHS = NO;
				CLANG_ANALYZER_NONNULL = YES;
				CLANG_CXX_LANGUAGE_STANDARD = "gnu++0x";
				CLANG_CXX_LIBRARY = "libc++";
				CLANG_ENABLE_MODULES = YES;
				CLANG_ENABLE_OBJC_ARC = YES;
				CLANG_WARN_BOOL_CONVERSION = YES;
				CLANG_WARN_CONSTANT_CONVERSION = YES;
				CLANG_WARN_DIRECT_OBJC_ISA_USAGE = YES_ERROR;
				CLANG_WARN_DOCUMENTATION_COMMENTS = YES;
				CLANG_WARN_EMPTY_BODY = YES;
				CLANG_WARN_ENUM_CONVERSION = YES;
				CLANG_WARN_INFINITE_RECURSION = YES;
				CLANG_WARN_INT_CONVERSION = YES;
				CLANG_WARN_OBJC_ROOT_CLASS = YES_ERROR;
				CLANG_WARN_SUSPICIOUS_MOVES = YES;
				CLANG_WARN_UNREACHABLE_CODE = YES;
				CLANG_WARN__DUPLICATE_METHOD_MATCH = YES;
				"CODE_SIGN_IDENTITY[sdk=iphoneos*]" = "iPhone Developer";
				COPY_PHASE_STRIP = NO;
				DEBUG_INFORMATION_FORMAT = dwarf;
				ENABLE_STRICT_OBJC_MSGSEND = YES;
				ENABLE_TESTABILITY = YES;
				GCC_C_LANGUAGE_STANDARD = gnu99;
				GCC_DYNAMIC_NO_PIC = NO;
				GCC_NO_COMMON_BLOCKS = YES;
				GCC_OPTIMIZATION_LEVEL = 0;
				GCC_PREPROCESSOR_DEFINITIONS = (
					"DEBUG=1",
					"$(inherited)",
				);
				GCC_WARN_64_TO_32_BIT_CONVERSION = YES;
				GCC_WARN_ABOUT_RETURN_TYPE = YES_ERROR;
				GCC_WARN_UNDECLARED_SELECTOR = YES;
				GCC_WARN_UNINITIALIZED_AUTOS = YES_AGGRESSIVE;
				GCC_WARN_UNUSED_FUNCTION = YES;
				GCC_WARN_UNUSED_VARIABLE = YES;
				IPHONEOS_DEPLOYMENT_TARGET = 10.0;
				MTL_ENABLE_DEBUG_INFO = YES;
				ONLY_ACTIVE_ARCH = YES;
				SDKROOT = iphoneos;
				SWIFT_ACTIVE_COMPILATION_CONDITIONS = DEBUG;
				SWIFT_OPTIMIZATION_LEVEL = "-Onone";
				TARGETED_DEVICE_FAMILY = "1,2";
			};
			name = Debug;
		};
		846E64AD1DBDF0B60088D4D3 /* Release */ = {
			isa = XCBuildConfiguration;
			buildSettings = {
				ALWAYS_SEARCH_USER_PATHS = NO;
				CLANG_ANALYZER_NONNULL = YES;
				CLANG_CXX_LANGUAGE_STANDARD = "gnu++0x";
				CLANG_CXX_LIBRARY = "libc++";
				CLANG_ENABLE_MODULES = YES;
				CLANG_ENABLE_OBJC_ARC = YES;
				CLANG_WARN_BOOL_CONVERSION = YES;
				CLANG_WARN_CONSTANT_CONVERSION = YES;
				CLANG_WARN_DIRECT_OBJC_ISA_USAGE = YES_ERROR;
				CLANG_WARN_DOCUMENTATION_COMMENTS = YES;
				CLANG_WARN_EMPTY_BODY = YES;
				CLANG_WARN_ENUM_CONVERSION = YES;
				CLANG_WARN_INFINITE_RECURSION = YES;
				CLANG_WARN_INT_CONVERSION = YES;
				CLANG_WARN_OBJC_ROOT_CLASS = YES_ERROR;
				CLANG_WARN_SUSPICIOUS_MOVES = YES;
				CLANG_WARN_UNREACHABLE_CODE = YES;
				CLANG_WARN__DUPLICATE_METHOD_MATCH = YES;
				"CODE_SIGN_IDENTITY[sdk=iphoneos*]" = "iPhone Developer";
				COPY_PHASE_STRIP = NO;
				DEBUG_INFORMATION_FORMAT = "dwarf-with-dsym";
				ENABLE_NS_ASSERTIONS = NO;
				ENABLE_STRICT_OBJC_MSGSEND = YES;
				GCC_C_LANGUAGE_STANDARD = gnu99;
				GCC_NO_COMMON_BLOCKS = YES;
				GCC_WARN_64_TO_32_BIT_CONVERSION = YES;
				GCC_WARN_ABOUT_RETURN_TYPE = YES_ERROR;
				GCC_WARN_UNDECLARED_SELECTOR = YES;
				GCC_WARN_UNINITIALIZED_AUTOS = YES_AGGRESSIVE;
				GCC_WARN_UNUSED_FUNCTION = YES;
				GCC_WARN_UNUSED_VARIABLE = YES;
				IPHONEOS_DEPLOYMENT_TARGET = 10.0;
				MTL_ENABLE_DEBUG_INFO = NO;
				SDKROOT = iphoneos;
				SWIFT_OPTIMIZATION_LEVEL = "-Owholemodule";
				TARGETED_DEVICE_FAMILY = "1,2";
				VALIDATE_PRODUCT = YES;
			};
			name = Release;
		};
		846E64AF1DBDF0B60088D4D3 /* Debug */ = {
			isa = XCBuildConfiguration;
			baseConfigurationReference = 0F07BDEDA9138D699E922D81 /* Pods-RealmMBPlatform.debug.xcconfig */;
			buildSettings = {
				ASSETCATALOG_COMPILER_APPICON_NAME = AppIcon;
				CODE_SIGN_ENTITLEMENTS = RealmMBPlatform/RealmMBPlatform.entitlements;
				DEVELOPMENT_TEAM = "";
				FRAMEWORK_SEARCH_PATHS = (
					"$(inherited)",
					"$(PROJECT_DIR)/Framework",
				);
				INFOPLIST_FILE = RealmMBPlatform/Info.plist;
				LD_RUNPATH_SEARCH_PATHS = "$(inherited) @executable_path/Frameworks";
				PRODUCT_BUNDLE_IDENTIFIER = Moz.RealmMBPlatform;
				PRODUCT_NAME = "$(TARGET_NAME)";
				SWIFT_VERSION = 3.0;
			};
			name = Debug;
		};
		846E64B01DBDF0B60088D4D3 /* Release */ = {
			isa = XCBuildConfiguration;
			baseConfigurationReference = 0BED3EE8D37D681D203686C8 /* Pods-RealmMBPlatform.release.xcconfig */;
			buildSettings = {
				ASSETCATALOG_COMPILER_APPICON_NAME = AppIcon;
				CODE_SIGN_ENTITLEMENTS = RealmMBPlatform/RealmMBPlatform.entitlements;
				DEVELOPMENT_TEAM = "";
				FRAMEWORK_SEARCH_PATHS = (
					"$(inherited)",
					"$(PROJECT_DIR)/Framework",
				);
				INFOPLIST_FILE = RealmMBPlatform/Info.plist;
				LD_RUNPATH_SEARCH_PATHS = "$(inherited) @executable_path/Frameworks";
				PRODUCT_BUNDLE_IDENTIFIER = Moz.RealmMBPlatform;
				PRODUCT_NAME = "$(TARGET_NAME)";
				SWIFT_VERSION = 3.0;
			};
			name = Release;
		};
/* End XCBuildConfiguration section */

/* Begin XCConfigurationList section */
		846E64971DBDF0B60088D4D3 /* Build configuration list for PBXProject "RealmMBPlatform" */ = {
			isa = XCConfigurationList;
			buildConfigurations = (
				846E64AC1DBDF0B60088D4D3 /* Debug */,
				846E64AD1DBDF0B60088D4D3 /* Release */,
			);
			defaultConfigurationIsVisible = 0;
			defaultConfigurationName = Release;
		};
		846E64AE1DBDF0B60088D4D3 /* Build configuration list for PBXNativeTarget "RealmMBPlatform" */ = {
			isa = XCConfigurationList;
			buildConfigurations = (
				846E64AF1DBDF0B60088D4D3 /* Debug */,
				846E64B01DBDF0B60088D4D3 /* Release */,
			);
			defaultConfigurationIsVisible = 0;
			defaultConfigurationName = Release;
		};
/* End XCConfigurationList section */
	};
	rootObject = 846E64941DBDF0B60088D4D3 /* Project object */;
}
